
Microsoft Visual Studio Solution File, Format Version 12.00
# Visual Studio Version 17
VisualStudioVersion = 17.11.34929.205
MinimumVisualStudioVersion = 15.0.26124.0
Project("{9A19103F-16F7-4668-BE54-9A1E7A4F7556}") = "BlazorInteropGenerator", "BlazorInteropGenerator\BlazorInteropGenerator.csproj", "{7A95D1D3-974B-4547-8405-658EE9F77F29}"
EndProject
Project("{9A19103F-16F7-4668-BE54-9A1E7A4F7556}") = "BlazorInteropGenerator.Tests", "BlazorInteropGenerator.Tests\BlazorInteropGenerator.Tests.csproj", "{1B4F5BB9-44E0-4659-80A6-647E1EADCA72}"
EndProject
Project("{9A19103F-16F7-4668-BE54-9A1E7A4F7556}") = "Blazor.WebApiInterop", "Blazor.WebApiInterop\Blazor.WebApiInterop.csproj", "{0E23049C-999A-471C-BA00-CBDA30E24F9D}"
EndProject
Project("{2150E333-8FDC-42A3-9474-1A3956D46DE8}") = "Build", "Build", "{5E1616B9-1959-4543-955D-156D08B6C386}"
	ProjectSection(SolutionItems) = preProject
		build.cmd = build.cmd
		build.sh = build.sh
		generate-csharp.cmd = generate-csharp.cmd
		generate-csharp.sh = generate-csharp.sh
	EndProjectSection
EndProject
Project("{9A19103F-16F7-4668-BE54-9A1E7A4F7556}") = "Blazor.WebApiInterop.Samples", "Blazor.WebApiInterop.Samples\Blazor.WebApiInterop.Samples.csproj", "{D5CD97AE-8221-4FAC-AD17-CFC77F8766AD}"
EndProject
Project("{9A19103F-16F7-4668-BE54-9A1E7A4F7556}") = "Blazor.InteropGenerator.JS", "Blazor.InteropGenerator.JS\Blazor.InteropGenerator.JS.csproj", "{9437900C-963E-41D8-9CD0-6BAB93E2246C}"
EndProject
Project("{2150E333-8FDC-42A3-9474-1A3956D46DE8}") = ".github", ".github", "{85725ED8-C969-481E-A2F0-081F7C0F8130}"
EndProject
Project("{2150E333-8FDC-42A3-9474-1A3956D46DE8}") = "workflows", "workflows", "{F37C0D8A-C4AB-483D-BFA1-07DDFF50F0FC}"
	ProjectSection(SolutionItems) = preProject
		build.yml = build.yml
	EndProjectSection
EndProject
Global
	GlobalSection(SolutionConfigurationPlatforms) = preSolution
		Debug|Any CPU = Debug|Any CPU
		Debug|x64 = Debug|x64
		Debug|x86 = Debug|x86
		Release|Any CPU = Release|Any CPU
		Release|x64 = Release|x64
		Release|x86 = Release|x86
	EndGlobalSection
	GlobalSection(ProjectConfigurationPlatforms) = postSolution
		{7A95D1D3-974B-4547-8405-658EE9F77F29}.Debug|Any CPU.ActiveCfg = Debug|Any CPU
		{7A95D1D3-974B-4547-8405-658EE9F77F29}.Debug|Any CPU.Build.0 = Debug|Any CPU
		{7A95D1D3-974B-4547-8405-658EE9F77F29}.Debug|x64.ActiveCfg = Debug|Any CPU
		{7A95D1D3-974B-4547-8405-658EE9F77F29}.Debug|x64.Build.0 = Debug|Any CPU
		{7A95D1D3-974B-4547-8405-658EE9F77F29}.Debug|x86.ActiveCfg = Debug|Any CPU
		{7A95D1D3-974B-4547-8405-658EE9F77F29}.Debug|x86.Build.0 = Debug|Any CPU
		{7A95D1D3-974B-4547-8405-658EE9F77F29}.Release|Any CPU.ActiveCfg = Release|Any CPU
		{7A95D1D3-974B-4547-8405-658EE9F77F29}.Release|Any CPU.Build.0 = Release|Any CPU
		{7A95D1D3-974B-4547-8405-658EE9F77F29}.Release|x64.ActiveCfg = Release|Any CPU
		{7A95D1D3-974B-4547-8405-658EE9F77F29}.Release|x64.Build.0 = Release|Any CPU
		{7A95D1D3-974B-4547-8405-658EE9F77F29}.Release|x86.ActiveCfg = Release|Any CPU
		{7A95D1D3-974B-4547-8405-658EE9F77F29}.Release|x86.Build.0 = Release|Any CPU
		{1B4F5BB9-44E0-4659-80A6-647E1EADCA72}.Debug|Any CPU.ActiveCfg = Debug|Any CPU
		{1B4F5BB9-44E0-4659-80A6-647E1EADCA72}.Debug|Any CPU.Build.0 = Debug|Any CPU
		{1B4F5BB9-44E0-4659-80A6-647E1EADCA72}.Debug|x64.ActiveCfg = Debug|Any CPU
		{1B4F5BB9-44E0-4659-80A6-647E1EADCA72}.Debug|x64.Build.0 = Debug|Any CPU
		{1B4F5BB9-44E0-4659-80A6-647E1EADCA72}.Debug|x86.ActiveCfg = Debug|Any CPU
		{1B4F5BB9-44E0-4659-80A6-647E1EADCA72}.Debug|x86.Build.0 = Debug|Any CPU
		{1B4F5BB9-44E0-4659-80A6-647E1EADCA72}.Release|Any CPU.ActiveCfg = Release|Any CPU
		{1B4F5BB9-44E0-4659-80A6-647E1EADCA72}.Release|Any CPU.Build.0 = Release|Any CPU
		{1B4F5BB9-44E0-4659-80A6-647E1EADCA72}.Release|x64.ActiveCfg = Release|Any CPU
		{1B4F5BB9-44E0-4659-80A6-647E1EADCA72}.Release|x64.Build.0 = Release|Any CPU
		{1B4F5BB9-44E0-4659-80A6-647E1EADCA72}.Release|x86.ActiveCfg = Release|Any CPU
		{1B4F5BB9-44E0-4659-80A6-647E1EADCA72}.Release|x86.Build.0 = Release|Any CPU
		{0E23049C-999A-471C-BA00-CBDA30E24F9D}.Debug|Any CPU.ActiveCfg = Debug|Any CPU
		{0E23049C-999A-471C-BA00-CBDA30E24F9D}.Debug|Any CPU.Build.0 = Debug|Any CPU
		{0E23049C-999A-471C-BA00-CBDA30E24F9D}.Debug|x64.ActiveCfg = Debug|Any CPU
		{0E23049C-999A-471C-BA00-CBDA30E24F9D}.Debug|x64.Build.0 = Debug|Any CPU
		{0E23049C-999A-471C-BA00-CBDA30E24F9D}.Debug|x86.ActiveCfg = Debug|Any CPU
		{0E23049C-999A-471C-BA00-CBDA30E24F9D}.Debug|x86.Build.0 = Debug|Any CPU
		{0E23049C-999A-471C-BA00-CBDA30E24F9D}.Release|Any CPU.ActiveCfg = Release|Any CPU
		{0E23049C-999A-471C-BA00-CBDA30E24F9D}.Release|Any CPU.Build.0 = Release|Any CPU
		{0E23049C-999A-471C-BA00-CBDA30E24F9D}.Release|x64.ActiveCfg = Release|Any CPU
		{0E23049C-999A-471C-BA00-CBDA30E24F9D}.Release|x64.Build.0 = Release|Any CPU
		{0E23049C-999A-471C-BA00-CBDA30E24F9D}.Release|x86.ActiveCfg = Release|Any CPU
		{0E23049C-999A-471C-BA00-CBDA30E24F9D}.Release|x86.Build.0 = Release|Any CPU
		{D5CD97AE-8221-4FAC-AD17-CFC77F8766AD}.Debug|Any CPU.ActiveCfg = Debug|Any CPU
		{D5CD97AE-8221-4FAC-AD17-CFC77F8766AD}.Debug|Any CPU.Build.0 = Debug|Any CPU
		{D5CD97AE-8221-4FAC-AD17-CFC77F8766AD}.Debug|x64.ActiveCfg = Debug|Any CPU
		{D5CD97AE-8221-4FAC-AD17-CFC77F8766AD}.Debug|x64.Build.0 = Debug|Any CPU
		{D5CD97AE-8221-4FAC-AD17-CFC77F8766AD}.Debug|x86.ActiveCfg = Debug|Any CPU
		{D5CD97AE-8221-4FAC-AD17-CFC77F8766AD}.Debug|x86.Build.0 = Debug|Any CPU
		{D5CD97AE-8221-4FAC-AD17-CFC77F8766AD}.Release|Any CPU.ActiveCfg = Release|Any CPU
		{D5CD97AE-8221-4FAC-AD17-CFC77F8766AD}.Release|Any CPU.Build.0 = Release|Any CPU
		{D5CD97AE-8221-4FAC-AD17-CFC77F8766AD}.Release|x64.ActiveCfg = Release|Any CPU
		{D5CD97AE-8221-4FAC-AD17-CFC77F8766AD}.Release|x64.Build.0 = Release|Any CPU
		{D5CD97AE-8221-4FAC-AD17-CFC77F8766AD}.Release|x86.ActiveCfg = Release|Any CPU
		{D5CD97AE-8221-4FAC-AD17-CFC77F8766AD}.Release|x86.Build.0 = Release|Any CPU
		{9437900C-963E-41D8-9CD0-6BAB93E2246C}.Debug|Any CPU.ActiveCfg = Debug|Any CPU
		{9437900C-963E-41D8-9CD0-6BAB93E2246C}.Debug|Any CPU.Build.0 = Debug|Any CPU
		{9437900C-963E-41D8-9CD0-6BAB93E2246C}.Debug|x64.ActiveCfg = Debug|Any CPU
		{9437900C-963E-41D8-9CD0-6BAB93E2246C}.Debug|x64.Build.0 = Debug|Any CPU
		{9437900C-963E-41D8-9CD0-6BAB93E2246C}.Debug|x86.ActiveCfg = Debug|Any CPU
		{9437900C-963E-41D8-9CD0-6BAB93E2246C}.Debug|x86.Build.0 = Debug|Any CPU
		{9437900C-963E-41D8-9CD0-6BAB93E2246C}.Release|Any CPU.ActiveCfg = Release|Any CPU
		{9437900C-963E-41D8-9CD0-6BAB93E2246C}.Release|Any CPU.Build.0 = Release|Any CPU
		{9437900C-963E-41D8-9CD0-6BAB93E2246C}.Release|x64.ActiveCfg = Release|Any CPU
		{9437900C-963E-41D8-9CD0-6BAB93E2246C}.Release|x64.Build.0 = Release|Any CPU
		{9437900C-963E-41D8-9CD0-6BAB93E2246C}.Release|x86.ActiveCfg = Release|Any CPU
		{9437900C-963E-41D8-9CD0-6BAB93E2246C}.Release|x86.Build.0 = Release|Any CPU
	EndGlobalSection
	GlobalSection(SolutionProperties) = preSolution
		HideSolutionNode = FALSE
	EndGlobalSection
	GlobalSection(NestedProjects) = preSolution
		{F37C0D8A-C4AB-483D-BFA1-07DDFF50F0FC} = {85725ED8-C969-481E-A2F0-081F7C0F8130}
	EndGlobalSection
	GlobalSection(ExtensibilityGlobals) = postSolution
		SolutionGuid = {BB7C067C-A30D-485C-A989-3F0D08E8E962}
	EndGlobalSection
EndGlobal
