{
  "name": "blazor-webidl-gen",
  "version": "1.0.0",
  "lockfileVersion": 2,
  "requires": true,
  "packages": {
    "": {
      "name": "blazor-webidl-gen",
      "version": "1.0.0",
      "license": "MIT",
      "dependencies": {
        "webidl2": "^14.0.1"
      },
      "devDependencies": {
        "@types/node": "^10.11.1",
        "@types/webidl2": "^10.2.2",
        "typescript": "^3.1.1"
      }
    },
    "node_modules/@types/node": {
      "version": "10.11.1",
      "resolved": "https://registry.npmjs.org/@types/node/-/node-10.11.1.tgz",
      "integrity": "sha512-Mash7eQv0HOs/fBVywUGR7NLSXyMl3XHkIo/kcWBgD9ppwPYOp8UDFxZfKy9hWeVHT2p+69vgXTPbPpoeqoM8w==",
      "dev": true
    },
    "node_modules/@types/webidl2": {
      "version": "10.2.2",
      "resolved": "https://registry.npmjs.org/@types/webidl2/-/webidl2-10.2.2.tgz",
      "integrity": "sha512-BcjQKWcAhEajNr3+k2aPcOQgY++w8AHk5AczZsiYZnocCd94S+z2pLGS1WghJ3XjamcYS/SOBzfWcPeM5YQrHg==",
      "dev": true
    },
    "node_modules/typescript": {
      "version": "3.1.1",
      "resolved": "https://registry.npmjs.org/typescript/-/typescript-3.1.1.tgz",
      "integrity": "sha512-Veu0w4dTc/9wlWNf2jeRInNodKlcdLgemvPsrNpfu5Pq39sgfFjvIIgTsvUHCoLBnMhPoUA+tFxsXjU6VexVRQ==",
      "dev": true,
      "bin": {
        "tsc": "bin/tsc",
        "tsserver": "bin/tsserver"
      },
      "engines": {
        "node": ">=4.2.0"
      }
    },
    "node_modules/webidl2": {
      "version": "14.0.1",
      "resolved": "https://registry.npmjs.org/webidl2/-/webidl2-14.0.1.tgz",
      "integrity": "sha512-sAb1biHP+jYZ7OBBDjEIuSfOBor4m8u9tHCFkekvBAnmrJgEGNDjzdKgBz7Ea763iVWQxzakB6WRxfr5JXCIOw=="
    }
  },
  "dependencies": {
    "@types/node": {
      "version": "10.11.1",
      "resolved": "https://registry.npmjs.org/@types/node/-/node-10.11.1.tgz",
      "integrity": "sha512-Mash7eQv0HOs/fBVywUGR7NLSXyMl3XHkIo/kcWBgD9ppwPYOp8UDFxZfKy9hWeVHT2p+69vgXTPbPpoeqoM8w==",
      "dev": true
    },
    "@types/webidl2": {
      "version": "10.2.2",
      "resolved": "https://registry.npmjs.org/@types/webidl2/-/webidl2-10.2.2.tgz",
      "integrity": "sha512-BcjQKWcAhEajNr3+k2aPcOQgY++w8AHk5AczZsiYZnocCd94S+z2pLGS1WghJ3XjamcYS/SOBzfWcPeM5YQrHg==",
      "dev": true
    },
    "typescript": {
      "version": "3.1.1",
      "resolved": "https://registry.npmjs.org/typescript/-/typescript-3.1.1.tgz",
      "integrity": "sha512-Veu0w4dTc/9wlWNf2jeRInNodKlcdLgemvPsrNpfu5Pq39sgfFjvIIgTsvUHCoLBnMhPoUA+tFxsXjU6VexVRQ==",
      "dev": true
    },
    "webidl2": {
      "version": "14.0.1",
      "resolved": "https://registry.npmjs.org/webidl2/-/webidl2-14.0.1.tgz",
      "integrity": "sha512-sAb1biHP+jYZ7OBBDjEIuSfOBor4m8u9tHCFkekvBAnmrJgEGNDjzdKgBz7Ea763iVWQxzakB6WRxfr5JXCIOw=="
    }
  }
}
